
Microsoft Visual Studio Solution File, Format Version 12.00
# Visual Studio Version 16
VisualStudioVersion = 16.0.35931.194
MinimumVisualStudioVersion = 10.0.40219.1
Project("{FAE04EC0-301F-11D3-BF4B-00C04F79EFBC}") = "WindowsFormsApplication_LuckyTicket", "WindowsFormsApplication_LuckyTicket\WindowsFormsApplication_LuckyTicket.csproj", "{271131A9-1701-4986-99F0-CDA5A52830FC}"
EndProject
Global
	GlobalSection(SolutionConfigurationPlatforms) = preSolution
		Debug|Any CPU = Debug|Any CPU
		Release|Any CPU = Release|Any CPU
	EndGlobalSection
	GlobalSection(ProjectConfigurationPlatforms) = postSolution
		{271131A9-1701-4986-99F0-CDA5A52830FC}.Debug|Any CPU.ActiveCfg = Debug|Any CPU
		{271131A9-1701-4986-99F0-CDA5A52830FC}.Debug|Any CPU.Build.0 = Debug|Any CPU
		{271131A9-1701-4986-99F0-CDA5A52830FC}.Release|Any CPU.ActiveCfg = Release|Any CPU
		{271131A9-1701-4986-99F0-CDA5A52830FC}.Release|Any CPU.Build.0 = Release|Any CPU
	EndGlobalSection
	GlobalSection(SolutionProperties) = preSolution
		HideSolutionNode = FALSE
	EndGlobalSection
	GlobalSection(ExtensibilityGlobals) = postSolution
		SolutionGuid = {0A51C87A-65DF-4259-B1CF-9CDC7028ACF4}
	EndGlobalSection
EndGlobal
