
Microsoft Visual Studio Solution File, Format Version 12.00
# Visual Studio Version 16
VisualStudioVersion = 16.0.34407.143
MinimumVisualStudioVersion = 10.0.40219.1
Project("{FAE04EC0-301F-11D3-BF4B-00C04F79EFBC}") = "Иерпрхии классов", "Иерпрхии классов\Иерпрхии классов.csproj", "{1C28C9D8-452E-4F6D-92E3-0BB2C17A39DE}"
EndProject
Global
	GlobalSection(SolutionConfigurationPlatforms) = preSolution
		Debug|Any CPU = Debug|Any CPU
		Release|Any CPU = Release|Any CPU
	EndGlobalSection
	GlobalSection(ProjectConfigurationPlatforms) = postSolution
		{1C28C9D8-452E-4F6D-92E3-0BB2C17A39DE}.Debug|Any CPU.ActiveCfg = Debug|Any CPU
		{1C28C9D8-452E-4F6D-92E3-0BB2C17A39DE}.Debug|Any CPU.Build.0 = Debug|Any CPU
		{1C28C9D8-452E-4F6D-92E3-0BB2C17A39DE}.Release|Any CPU.ActiveCfg = Release|Any CPU
		{1C28C9D8-452E-4F6D-92E3-0BB2C17A39DE}.Release|Any CPU.Build.0 = Release|Any CPU
	EndGlobalSection
	GlobalSection(SolutionProperties) = preSolution
		HideSolutionNode = FALSE
	EndGlobalSection
	GlobalSection(ExtensibilityGlobals) = postSolution
		SolutionGuid = {CE5C0C74-1046-4F44-B3F1-12969011F367}
	EndGlobalSection
EndGlobal
