
Microsoft Visual Studio Solution File, Format Version 12.00
# Visual Studio Version 16
VisualStudioVersion = 16.0.35931.194
MinimumVisualStudioVersion = 10.0.40219.1
Project("{FAE04EC0-301F-11D3-BF4B-00C04F79EFBC}") = "WinFormsApp_SaveLoadFragments", "WinFormsApp_SaveLoadFragments\WinFormsApp_SaveLoadFragments.csproj", "{09E94FCD-1DAB-49A2-8DFF-7E2038FFD7E8}"
EndProject
Global
	GlobalSection(SolutionConfigurationPlatforms) = preSolution
		Debug|Any CPU = Debug|Any CPU
		Release|Any CPU = Release|Any CPU
	EndGlobalSection
	GlobalSection(ProjectConfigurationPlatforms) = postSolution
		{09E94FCD-1DAB-49A2-8DFF-7E2038FFD7E8}.Debug|Any CPU.ActiveCfg = Debug|Any CPU
		{09E94FCD-1DAB-49A2-8DFF-7E2038FFD7E8}.Debug|Any CPU.Build.0 = Debug|Any CPU
		{09E94FCD-1DAB-49A2-8DFF-7E2038FFD7E8}.Release|Any CPU.ActiveCfg = Release|Any CPU
		{09E94FCD-1DAB-49A2-8DFF-7E2038FFD7E8}.Release|Any CPU.Build.0 = Release|Any CPU
	EndGlobalSection
	GlobalSection(SolutionProperties) = preSolution
		HideSolutionNode = FALSE
	EndGlobalSection
	GlobalSection(ExtensibilityGlobals) = postSolution
		SolutionGuid = {DBDCB05C-E6B4-428D-937E-2909A7300973}
	EndGlobalSection
EndGlobal
